
Microsoft Visual Studio Solution File, Format Version 12.00
# Visual Studio Version 17
VisualStudioVersion = 17.0.31521.260
MinimumVisualStudioVersion = 10.0.40219.1
Project("{FAE04EC0-301F-11D3-BF4B-00C04F79EFBC}") = "SpacedScreenshot", "SpacedScreenshot.csproj", "{A1C8B119-00D0-49EB-BF34-FAB2E5A81E15}"
EndProject
Global
	GlobalSection(SolutionConfigurationPlatforms) = preSolution
		Debug|Any CPU = Debug|Any CPU
		Release|Any CPU = Release|Any CPU
	EndGlobalSection
	GlobalSection(ProjectConfigurationPlatforms) = postSolution
		{A1C8B119-00D0-49EB-BF34-FAB2E5A81E15}.Debug|Any CPU.ActiveCfg = Debug|Any CPU
		{A1C8B119-00D0-49EB-BF34-FAB2E5A81E15}.Debug|Any CPU.Build.0 = Debug|Any CPU
		{A1C8B119-00D0-49EB-BF34-FAB2E5A81E15}.Release|Any CPU.ActiveCfg = Release|Any CPU
		{A1C8B119-00D0-49EB-BF34-FAB2E5A81E15}.Release|Any CPU.Build.0 = Release|Any CPU
	EndGlobalSection
	GlobalSection(SolutionProperties) = preSolution
		HideSolutionNode = FALSE
	EndGlobalSection
	GlobalSection(ExtensibilityGlobals) = postSolution
		SolutionGuid = {2444144E-D496-4ED6-B47E-79691105778D}
	EndGlobalSection
EndGlobal
